// !$*UTF8*$!
{
	archiveVersion = 1;
	classes = {
	};
	objectVersion = 50;
	objects = {

/* Begin PBXBuildFile section */
		30BF188D20F368300035A4B9 /* AppDelegate.m in Sources */ = {isa = PBXBuildFile; fileRef = 30BF188C20F368300035A4B9 /* AppDelegate.m */; };
		30BF189020F368300035A4B9 /* ViewController.m in Sources */ = {isa = PBXBuildFile; fileRef = 30BF188F20F368300035A4B9 /* ViewController.m */; };
		30BF189320F368300035A4B9 /* Main.storyboard in Resources */ = {isa = PBXBuildFile; fileRef = 30BF189120F368300035A4B9 /* Main.storyboard */; };
		30BF189520F368310035A4B9 /* Assets.xcassets in Resources */ = {isa = PBXBuildFile; fileRef = 30BF189420F368310035A4B9 /* Assets.xcassets */; };
		30BF189820F368310035A4B9 /* LaunchScreen.storyboard in Resources */ = {isa = PBXBuildFile; fileRef = 30BF189620F368310035A4B9 /* LaunchScreen.storyboard */; };
		30BF189B20F368310035A4B9 /* main.m in Sources */ = {isa = PBXBuildFile; fileRef = 30BF189A20F368310035A4B9 /* main.m */; };
		30BF18A520F368310035A4B9 /* FJFNavigationBarManagerDemoTests.m in Sources */ = {isa = PBXBuildFile; fileRef = 30BF18A420F368310035A4B9 /* FJFNavigationBarManagerDemoTests.m */; };
		30BF18B020F368310035A4B9 /* FJFNavigationBarManagerDemoUITests.m in Sources */ = {isa = PBXBuildFile; fileRef = 30BF18AF20F368310035A4B9 /* FJFNavigationBarManagerDemoUITests.m */; };
		30BF18C220F3686F0035A4B9 /* FJFNavigationControllerManager.m in Sources */ = {isa = PBXBuildFile; fileRef = 30BF18BE20F3686E0035A4B9 /* FJFNavigationControllerManager.m */; };
		30BF18C320F3686F0035A4B9 /* UINavigationController+HasCalledTheMethod.m in Sources */ = {isa = PBXBuildFile; fileRef = 30BF18BF20F3686E0035A4B9 /* UINavigationController+HasCalledTheMethod.m */; };
		30BF18C620F368780035A4B9 /* FJFViewControllerConfigureManager.m in Sources */ = {isa = PBXBuildFile; fileRef = 30BF18C520F368780035A4B9 /* FJFViewControllerConfigureManager.m */; };
		30BF18D320F368960035A4B9 /* FJTabBarBadge.m in Sources */ = {isa = PBXBuildFile; fileRef = 30BF18C920F368960035A4B9 /* FJTabBarBadge.m */; };
		30BF18D420F368960035A4B9 /* FJTabBarButton.m in Sources */ = {isa = PBXBuildFile; fileRef = 30BF18CB20F368960035A4B9 /* FJTabBarButton.m */; };
		30BF18D520F368960035A4B9 /* FJTabBarView.m in Sources */ = {isa = PBXBuildFile; fileRef = 30BF18CE20F368960035A4B9 /* FJTabBarView.m */; };
		30BF18D620F368960035A4B9 /* FJTabbarViewController.m in Sources */ = {isa = PBXBuildFile; fileRef = 30BF18D020F368960035A4B9 /* FJTabbarViewController.m */; };
		30BF18D720F368960035A4B9 /* FJTabbarViewStyle.m in Sources */ = {isa = PBXBuildFile; fileRef = 30BF18D220F368960035A4B9 /* FJTabbarViewStyle.m */; };
		30BF18EA20F3689D0035A4B9 /* public_tabbar_panel_bg@2x.png in Resources */ = {isa = PBXBuildFile; fileRef = 30BF18D920F3689D0035A4B9 /* public_tabbar_panel_bg@2x.png */; };
		30BF18EB20F3689D0035A4B9 /* tab_dianpu_hui@2x.png in Resources */ = {isa = PBXBuildFile; fileRef = 30BF18DA20F3689D0035A4B9 /* tab_dianpu_hui@2x.png */; };
		30BF18EC20F3689D0035A4B9 /* tab_dianpu_hui@3x.png in Resources */ = {isa = PBXBuildFile; fileRef = 30BF18DB20F3689D0035A4B9 /* tab_dianpu_hui@3x.png */; };
		30BF18ED20F3689D0035A4B9 /* tab_dianpu_xuanzhong@2x.png in Resources */ = {isa = PBXBuildFile; fileRef = 30BF18DC20F3689D0035A4B9 /* tab_dianpu_xuanzhong@2x.png */; };
		30BF18EE20F3689D0035A4B9 /* tab_dianpu_xuanzhong@3x.png in Resources */ = {isa = PBXBuildFile; fileRef = 30BF18DD20F3689D0035A4B9 /* tab_dianpu_xuanzhong@3x.png */; };
		30BF18EF20F3689D0035A4B9 /* tab_faxian_hui@2x.png in Resources */ = {isa = PBXBuildFile; fileRef = 30BF18DE20F3689D0035A4B9 /* tab_faxian_hui@2x.png */; };
		30BF18F020F3689D0035A4B9 /* tab_faxian_hui@3x.png in Resources */ = {isa = PBXBuildFile; fileRef = 30BF18DF20F3689D0035A4B9 /* tab_faxian_hui@3x.png */; };
		30BF18F120F3689D0035A4B9 /* tab_faxian_xuanzhong@2x.png in Resources */ = {isa = PBXBuildFile; fileRef = 30BF18E020F3689D0035A4B9 /* tab_faxian_xuanzhong@2x.png */; };
		30BF18F220F3689D0035A4B9 /* tab_faxian_xuanzhong@3x.png in Resources */ = {isa = PBXBuildFile; fileRef = 30BF18E120F3689D0035A4B9 /* tab_faxian_xuanzhong@3x.png */; };
		30BF18F320F3689D0035A4B9 /* tab_jingxuan_hui@2x.png in Resources */ = {isa = PBXBuildFile; fileRef = 30BF18E220F3689D0035A4B9 /* tab_jingxuan_hui@2x.png */; };
		30BF18F420F3689D0035A4B9 /* tab_jingxuan_hui@3x.png in Resources */ = {isa = PBXBuildFile; fileRef = 30BF18E320F3689D0035A4B9 /* tab_jingxuan_hui@3x.png */; };
		30BF18F520F3689D0035A4B9 /* tab_jingxuan_xuanzhong@2x.png in Resources */ = {isa = PBXBuildFile; fileRef = 30BF18E420F3689D0035A4B9 /* tab_jingxuan_xuanzhong@2x.png */; };
		30BF18F620F3689D0035A4B9 /* tab_jingxuan_xuanzhong@3x.png in Resources */ = {isa = PBXBuildFile; fileRef = 30BF18E520F3689D0035A4B9 /* tab_jingxuan_xuanzhong@3x.png */; };
		30BF18F720F3689D0035A4B9 /* tab_wode_hui@2x.png in Resources */ = {isa = PBXBuildFile; fileRef = 30BF18E620F3689D0035A4B9 /* tab_wode_hui@2x.png */; };
		30BF18F820F3689D0035A4B9 /* tab_wode_hui@3x.png in Resources */ = {isa = PBXBuildFile; fileRef = 30BF18E720F3689D0035A4B9 /* tab_wode_hui@3x.png */; };
		30BF18F920F3689D0035A4B9 /* tab_wode_xuanzhong@2x.png in Resources */ = {isa = PBXBuildFile; fileRef = 30BF18E820F3689D0035A4B9 /* tab_wode_xuanzhong@2x.png */; };
		30BF18FA20F3689D0035A4B9 /* tab_wode_xuanzhong@3x.png in Resources */ = {isa = PBXBuildFile; fileRef = 30BF18E920F3689D0035A4B9 /* tab_wode_xuanzhong@3x.png */; };
		30BF190320F368CD0035A4B9 /* FJDiscoverViewController.m in Sources */ = {isa = PBXBuildFile; fileRef = 30BF18FC20F368CB0035A4B9 /* FJDiscoverViewController.m */; };
		30BF190420F368CD0035A4B9 /* FJShopViewController.m in Sources */ = {isa = PBXBuildFile; fileRef = 30BF18FD20F368CC0035A4B9 /* FJShopViewController.m */; };
		30BF190520F368CD0035A4B9 /* FJProfileViewController.m in Sources */ = {isa = PBXBuildFile; fileRef = 30BF18FF20F368CC0035A4B9 /* FJProfileViewController.m */; };
		30BF190620F368CD0035A4B9 /* FJCourseViewController.m in Sources */ = {isa = PBXBuildFile; fileRef = 30BF190120F368CC0035A4B9 /* FJCourseViewController.m */; };
/* End PBXBuildFile section */

/* Begin PBXContainerItemProxy section */
		30BF18A120F368310035A4B9 /* PBXContainerItemProxy */ = {
			isa = PBXContainerItemProxy;
			containerPortal = 30BF188020F368300035A4B9 /* Project object */;
			proxyType = 1;
			remoteGlobalIDString = 30BF188720F368300035A4B9;
			remoteInfo = FJFNavigationBarManagerDemo;
		};
		30BF18AC20F368310035A4B9 /* PBXContainerItemProxy */ = {
			isa = PBXContainerItemProxy;
			containerPortal = 30BF188020F368300035A4B9 /* Project object */;
			proxyType = 1;
			remoteGlobalIDString = 30BF188720F368300035A4B9;
			remoteInfo = FJFNavigationBarManagerDemo;
		};
/* End PBXContainerItemProxy section */

/* Begin PBXFileReference section */
		30BF188820F368300035A4B9 /* FJFNavigationBarManagerDemo.app */ = {isa = PBXFileReference; explicitFileType = wrapper.application; includeInIndex = 0; path = FJFNavigationBarManagerDemo.app; sourceTree = BUILT_PRODUCTS_DIR; };
		30BF188B20F368300035A4B9 /* AppDelegate.h */ = {isa = PBXFileReference; lastKnownFileType = sourcecode.c.h; path = AppDelegate.h; sourceTree = "<group>"; };
		30BF188C20F368300035A4B9 /* AppDelegate.m */ = {isa = PBXFileReference; lastKnownFileType = sourcecode.c.objc; path = AppDelegate.m; sourceTree = "<group>"; };
		30BF188E20F368300035A4B9 /* ViewController.h */ = {isa = PBXFileReference; lastKnownFileType = sourcecode.c.h; path = ViewController.h; sourceTree = "<group>"; };
		30BF188F20F368300035A4B9 /* ViewController.m */ = {isa = PBXFileReference; lastKnownFileType = sourcecode.c.objc; path = ViewController.m; sourceTree = "<group>"; };
		30BF189220F368300035A4B9 /* Base */ = {isa = PBXFileReference; lastKnownFileType = file.storyboard; name = Base; path = Base.lproj/Main.storyboard; sourceTree = "<group>"; };
		30BF189420F368310035A4B9 /* Assets.xcassets */ = {isa = PBXFileReference; lastKnownFileType = folder.assetcatalog; path = Assets.xcassets; sourceTree = "<group>"; };
		30BF189720F368310035A4B9 /* Base */ = {isa = PBXFileReference; lastKnownFileType = file.storyboard; name = Base; path = Base.lproj/LaunchScreen.storyboard; sourceTree = "<group>"; };
		30BF189920F368310035A4B9 /* Info.plist */ = {isa = PBXFileReference; lastKnownFileType = text.plist.xml; path = Info.plist; sourceTree = "<group>"; };
		30BF189A20F368310035A4B9 /* main.m */ = {isa = PBXFileReference; lastKnownFileType = sourcecode.c.objc; path = main.m; sourceTree = "<group>"; };
		30BF18A020F368310035A4B9 /* FJFNavigationBarManagerDemoTests.xctest */ = {isa = PBXFileReference; explicitFileType = wrapper.cfbundle; includeInIndex = 0; path = FJFNavigationBarManagerDemoTests.xctest; sourceTree = BUILT_PRODUCTS_DIR; };
		30BF18A420F368310035A4B9 /* FJFNavigationBarManagerDemoTests.m */ = {isa = PBXFileReference; lastKnownFileType = sourcecode.c.objc; path = FJFNavigationBarManagerDemoTests.m; sourceTree = "<group>"; };
		30BF18A620F368310035A4B9 /* Info.plist */ = {isa = PBXFileReference; lastKnownFileType = text.plist.xml; path = Info.plist; sourceTree = "<group>"; };
		30BF18AB20F368310035A4B9 /* FJFNavigationBarManagerDemoUITests.xctest */ = {isa = PBXFileReference; explicitFileType = wrapper.cfbundle; includeInIndex = 0; path = FJFNavigationBarManagerDemoUITests.xctest; sourceTree = BUILT_PRODUCTS_DIR; };
		30BF18AF20F368310035A4B9 /* FJFNavigationBarManagerDemoUITests.m */ = {isa = PBXFileReference; lastKnownFileType = sourcecode.c.objc; path = FJFNavigationBarManagerDemoUITests.m; sourceTree = "<group>"; };
		30BF18B120F368310035A4B9 /* Info.plist */ = {isa = PBXFileReference; lastKnownFileType = text.plist.xml; path = Info.plist; sourceTree = "<group>"; };
		30BF18BE20F3686E0035A4B9 /* FJFNavigationControllerManager.m */ = {isa = PBXFileReference; fileEncoding = 4; lastKnownFileType = sourcecode.c.objc; path = FJFNavigationControllerManager.m; sourceTree = "<group>"; };
		30BF18BF20F3686E0035A4B9 /* UINavigationController+HasCalledTheMethod.m */ = {isa = PBXFileReference; fileEncoding = 4; lastKnownFileType = sourcecode.c.objc; path = "UINavigationController+HasCalledTheMethod.m"; sourceTree = "<group>"; };
		30BF18C020F3686F0035A4B9 /* FJFNavigationControllerManager.h */ = {isa = PBXFileReference; fileEncoding = 4; lastKnownFileType = sourcecode.c.h; path = FJFNavigationControllerManager.h; sourceTree = "<group>"; };
		30BF18C120F3686F0035A4B9 /* UINavigationController+HasCalledTheMethod.h */ = {isa = PBXFileReference; fileEncoding = 4; lastKnownFileType = sourcecode.c.h; path = "UINavigationController+HasCalledTheMethod.h"; sourceTree = "<group>"; };
		30BF18C420F368780035A4B9 /* FJFViewControllerConfigureManager.h */ = {isa = PBXFileReference; fileEncoding = 4; lastKnownFileType = sourcecode.c.h; path = FJFViewControllerConfigureManager.h; sourceTree = "<group>"; };
		30BF18C520F368780035A4B9 /* FJFViewControllerConfigureManager.m */ = {isa = PBXFileReference; fileEncoding = 4; lastKnownFileType = sourcecode.c.objc; path = FJFViewControllerConfigureManager.m; sourceTree = "<group>"; };
		30BF18C820F368960035A4B9 /* FJTabBarBadge.h */ = {isa = PBXFileReference; fileEncoding = 4; lastKnownFileType = sourcecode.c.h; path = FJTabBarBadge.h; sourceTree = "<group>"; };
		30BF18C920F368960035A4B9 /* FJTabBarBadge.m */ = {isa = PBXFileReference; fileEncoding = 4; lastKnownFileType = sourcecode.c.objc; path = FJTabBarBadge.m; sourceTree = "<group>"; };
		30BF18CA20F368960035A4B9 /* FJTabBarButton.h */ = {isa = PBXFileReference; fileEncoding = 4; lastKnownFileType = sourcecode.c.h; path = FJTabBarButton.h; sourceTree = "<group>"; };
		30BF18CB20F368960035A4B9 /* FJTabBarButton.m */ = {isa = PBXFileReference; fileEncoding = 4; lastKnownFileType = sourcecode.c.objc; path = FJTabBarButton.m; sourceTree = "<group>"; };
		30BF18CC20F368960035A4B9 /* FJTabbarDefine.h */ = {isa = PBXFileReference; fileEncoding = 4; lastKnownFileType = sourcecode.c.h; path = FJTabbarDefine.h; sourceTree = "<group>"; };
		30BF18CD20F368960035A4B9 /* FJTabBarView.h */ = {isa = PBXFileReference; fileEncoding = 4; lastKnownFileType = sourcecode.c.h; path = FJTabBarView.h; sourceTree = "<group>"; };
		30BF18CE20F368960035A4B9 /* FJTabBarView.m */ = {isa = PBXFileReference; fileEncoding = 4; lastKnownFileType = sourcecode.c.objc; path = FJTabBarView.m; sourceTree = "<group>"; };
		30BF18CF20F368960035A4B9 /* FJTabbarViewController.h */ = {isa = PBXFileReference; fileEncoding = 4; lastKnownFileType = sourcecode.c.h; path = FJTabbarViewController.h; sourceTree = "<group>"; };
		30BF18D020F368960035A4B9 /* FJTabbarViewController.m */ = {isa = PBXFileReference; fileEncoding = 4; lastKnownFileType = sourcecode.c.objc; path = FJTabbarViewController.m; sourceTree = "<group>"; };
		30BF18D120F368960035A4B9 /* FJTabbarViewStyle.h */ = {isa = PBXFileReference; fileEncoding = 4; lastKnownFileType = sourcecode.c.h; path = FJTabbarViewStyle.h; sourceTree = "<group>"; };
		30BF18D220F368960035A4B9 /* FJTabbarViewStyle.m */ = {isa = PBXFileReference; fileEncoding = 4; lastKnownFileType = sourcecode.c.objc; path = FJTabbarViewStyle.m; sourceTree = "<group>"; };
		30BF18D920F3689D0035A4B9 /* public_tabbar_panel_bg@2x.png */ = {isa = PBXFileReference; lastKnownFileType = image.png; path = "public_tabbar_panel_bg@2x.png"; sourceTree = "<group>"; };
		30BF18DA20F3689D0035A4B9 /* tab_dianpu_hui@2x.png */ = {isa = PBXFileReference; lastKnownFileType = image.png; path = "tab_dianpu_hui@2x.png"; sourceTree = "<group>"; };
		30BF18DB20F3689D0035A4B9 /* tab_dianpu_hui@3x.png */ = {isa = PBXFileReference; lastKnownFileType = image.png; path = "tab_dianpu_hui@3x.png"; sourceTree = "<group>"; };
		30BF18DC20F3689D0035A4B9 /* tab_dianpu_xuanzhong@2x.png */ = {isa = PBXFileReference; lastKnownFileType = image.png; path = "tab_dianpu_xuanzhong@2x.png"; sourceTree = "<group>"; };
		30BF18DD20F3689D0035A4B9 /* tab_dianpu_xuanzhong@3x.png */ = {isa = PBXFileReference; lastKnownFileType = image.png; path = "tab_dianpu_xuanzhong@3x.png"; sourceTree = "<group>"; };
		30BF18DE20F3689D0035A4B9 /* tab_faxian_hui@2x.png */ = {isa = PBXFileReference; lastKnownFileType = image.png; path = "tab_faxian_hui@2x.png"; sourceTree = "<group>"; };
		30BF18DF20F3689D0035A4B9 /* tab_faxian_hui@3x.png */ = {isa = PBXFileReference; lastKnownFileType = image.png; path = "tab_faxian_hui@3x.png"; sourceTree = "<group>"; };
		30BF18E020F3689D0035A4B9 /* tab_faxian_xuanzhong@2x.png */ = {isa = PBXFileReference; lastKnownFileType = image.png; path = "tab_faxian_xuanzhong@2x.png"; sourceTree = "<group>"; };
		30BF18E120F3689D0035A4B9 /* tab_faxian_xuanzhong@3x.png */ = {isa = PBXFileReference; lastKnownFileType = image.png; path = "tab_faxian_xuanzhong@3x.png"; sourceTree = "<group>"; };
		30BF18E220F3689D0035A4B9 /* tab_jingxuan_hui@2x.png */ = {isa = PBXFileReference; lastKnownFileType = image.png; path = "tab_jingxuan_hui@2x.png"; sourceTree = "<group>"; };
		30BF18E320F3689D0035A4B9 /* tab_jingxuan_hui@3x.png */ = {isa = PBXFileReference; lastKnownFileType = image.png; path = "tab_jingxuan_hui@3x.png"; sourceTree = "<group>"; };
		30BF18E420F3689D0035A4B9 /* tab_jingxuan_xuanzhong@2x.png */ = {isa = PBXFileReference; lastKnownFileType = image.png; path = "tab_jingxuan_xuanzhong@2x.png"; sourceTree = "<group>"; };
		30BF18E520F3689D0035A4B9 /* tab_jingxuan_xuanzhong@3x.png */ = {isa = PBXFileReference; lastKnownFileType = image.png; path = "tab_jingxuan_xuanzhong@3x.png"; sourceTree = "<group>"; };
		30BF18E620F3689D0035A4B9 /* tab_wode_hui@2x.png */ = {isa = PBXFileReference; lastKnownFileType = image.png; path = "tab_wode_hui@2x.png"; sourceTree = "<group>"; };
		30BF18E720F3689D0035A4B9 /* tab_wode_hui@3x.png */ = {isa = PBXFileReference; lastKnownFileType = image.png; path = "tab_wode_hui@3x.png"; sourceTree = "<group>"; };
		30BF18E820F3689D0035A4B9 /* tab_wode_xuanzhong@2x.png */ = {isa = PBXFileReference; lastKnownFileType = image.png; path = "tab_wode_xuanzhong@2x.png"; sourceTree = "<group>"; };
		30BF18E920F3689D0035A4B9 /* tab_wode_xuanzhong@3x.png */ = {isa = PBXFileReference; lastKnownFileType = image.png; path = "tab_wode_xuanzhong@3x.png"; sourceTree = "<group>"; };
		30BF18FB20F368CB0035A4B9 /* FJProfileViewController.h */ = {isa = PBXFileReference; fileEncoding = 4; lastKnownFileType = sourcecode.c.h; path = FJProfileViewController.h; sourceTree = "<group>"; };
		30BF18FC20F368CB0035A4B9 /* FJDiscoverViewController.m */ = {isa = PBXFileReference; fileEncoding = 4; lastKnownFileType = sourcecode.c.objc; path = FJDiscoverViewController.m; sourceTree = "<group>"; };
		30BF18FD20F368CC0035A4B9 /* FJShopViewController.m */ = {isa = PBXFileReference; fileEncoding = 4; lastKnownFileType = sourcecode.c.objc; path = FJShopViewController.m; sourceTree = "<group>"; };
		30BF18FE20F368CC0035A4B9 /* FJDiscoverViewController.h */ = {isa = PBXFileReference; fileEncoding = 4; lastKnownFileType = sourcecode.c.h; path = FJDiscoverViewController.h; sourceTree = "<group>"; };
		30BF18FF20F368CC0035A4B9 /* FJProfileViewController.m */ = {isa = PBXFileReference; fileEncoding = 4; lastKnownFileType = sourcecode.c.objc; path = FJProfileViewController.m; sourceTree = "<group>"; };
		30BF190020F368CC0035A4B9 /* FJCourseViewController.h */ = {isa = PBXFileReference; fileEncoding = 4; lastKnownFileType = sourcecode.c.h; path = FJCourseViewController.h; sourceTree = "<group>"; };
		30BF190120F368CC0035A4B9 /* FJCourseViewController.m */ = {isa = PBXFileReference; fileEncoding = 4; lastKnownFileType = sourcecode.c.objc; path = FJCourseViewController.m; sourceTree = "<group>"; };
		30BF190220F368CD0035A4B9 /* FJShopViewController.h */ = {isa = PBXFileReference; fileEncoding = 4; lastKnownFileType = sourcecode.c.h; path = FJShopViewController.h; sourceTree = "<group>"; };
/* End PBXFileReference section */

/* Begin PBXFrameworksBuildPhase section */
		30BF188520F368300035A4B9 /* Frameworks */ = {
			isa = PBXFrameworksBuildPhase;
			buildActionMask = 2147483647;
			files = (
			);
			runOnlyForDeploymentPostprocessing = 0;
		};
		30BF189D20F368310035A4B9 /* Frameworks */ = {
			isa = PBXFrameworksBuildPhase;
			buildActionMask = 2147483647;
			files = (
			);
			runOnlyForDeploymentPostprocessing = 0;
		};
		30BF18A820F368310035A4B9 /* Frameworks */ = {
			isa = PBXFrameworksBuildPhase;
			buildActionMask = 2147483647;
			files = (
			);
			runOnlyForDeploymentPostprocessing = 0;
		};
/* End PBXFrameworksBuildPhase section */

/* Begin PBXGroup section */
		30BF187F20F368300035A4B9 = {
			isa = PBXGroup;
			children = (
				30BF18BD20F3685B0035A4B9 /* FJFNavigationBarManager */,
				30BF188A20F368300035A4B9 /* FJFNavigationBarManagerDemo */,
				30BF18A320F368310035A4B9 /* FJFNavigationBarManagerDemoTests */,
				30BF18AE20F368310035A4B9 /* FJFNavigationBarManagerDemoUITests */,
				30BF188920F368300035A4B9 /* Products */,
			);
			sourceTree = "<group>";
		};
		30BF188920F368300035A4B9 /* Products */ = {
			isa = PBXGroup;
			children = (
				30BF188820F368300035A4B9 /* FJFNavigationBarManagerDemo.app */,
				30BF18A020F368310035A4B9 /* FJFNavigationBarManagerDemoTests.xctest */,
				30BF18AB20F368310035A4B9 /* FJFNavigationBarManagerDemoUITests.xctest */,
			);
			name = Products;
			sourceTree = "<group>";
		};
		30BF188A20F368300035A4B9 /* FJFNavigationBarManagerDemo */ = {
			isa = PBXGroup;
			children = (
				30BF18D820F3689D0035A4B9 /* Resources */,
				30BF18C720F368960035A4B9 /* FJTabbarViewController */,
				30BF188B20F368300035A4B9 /* AppDelegate.h */,
				30BF188C20F368300035A4B9 /* AppDelegate.m */,
				30BF188E20F368300035A4B9 /* ViewController.h */,
				30BF188F20F368300035A4B9 /* ViewController.m */,
				30BF190020F368CC0035A4B9 /* FJCourseViewController.h */,
				30BF190120F368CC0035A4B9 /* FJCourseViewController.m */,
				30BF18FE20F368CC0035A4B9 /* FJDiscoverViewController.h */,
				30BF18FC20F368CB0035A4B9 /* FJDiscoverViewController.m */,
				30BF18FB20F368CB0035A4B9 /* FJProfileViewController.h */,
				30BF18FF20F368CC0035A4B9 /* FJProfileViewController.m */,
				30BF190220F368CD0035A4B9 /* FJShopViewController.h */,
				30BF18FD20F368CC0035A4B9 /* FJShopViewController.m */,
				30BF189120F368300035A4B9 /* Main.storyboard */,
				30BF189420F368310035A4B9 /* Assets.xcassets */,
				30BF189620F368310035A4B9 /* LaunchScreen.storyboard */,
				30BF189920F368310035A4B9 /* Info.plist */,
				30BF189A20F368310035A4B9 /* main.m */,
			);
			path = FJFNavigationBarManagerDemo;
			sourceTree = "<group>";
		};
		30BF18A320F368310035A4B9 /* FJFNavigationBarManagerDemoTests */ = {
			isa = PBXGroup;
			children = (
				30BF18A420F368310035A4B9 /* FJFNavigationBarManagerDemoTests.m */,
				30BF18A620F368310035A4B9 /* Info.plist */,
			);
			path = FJFNavigationBarManagerDemoTests;
			sourceTree = "<group>";
		};
		30BF18AE20F368310035A4B9 /* FJFNavigationBarManagerDemoUITests */ = {
			isa = PBXGroup;
			children = (
				30BF18AF20F368310035A4B9 /* FJFNavigationBarManagerDemoUITests.m */,
				30BF18B120F368310035A4B9 /* Info.plist */,
			);
			path = FJFNavigationBarManagerDemoUITests;
			sourceTree = "<group>";
		};
		30BF18BD20F3685B0035A4B9 /* FJFNavigationBarManager */ = {
			isa = PBXGroup;
			children = (
				30BF18C020F3686F0035A4B9 /* FJFNavigationControllerManager.h */,
				30BF18BE20F3686E0035A4B9 /* FJFNavigationControllerManager.m */,
				30BF18C120F3686F0035A4B9 /* UINavigationController+HasCalledTheMethod.h */,
				30BF18BF20F3686E0035A4B9 /* UINavigationController+HasCalledTheMethod.m */,
				30BF18C420F368780035A4B9 /* FJFViewControllerConfigureManager.h */,
				30BF18C520F368780035A4B9 /* FJFViewControllerConfigureManager.m */,
			);
			path = FJFNavigationBarManager;
			sourceTree = "<group>";
		};
		30BF18C720F368960035A4B9 /* FJTabbarViewController */ = {
			isa = PBXGroup;
			children = (
				30BF18C820F368960035A4B9 /* FJTabBarBadge.h */,
				30BF18C920F368960035A4B9 /* FJTabBarBadge.m */,
				30BF18CA20F368960035A4B9 /* FJTabBarButton.h */,
				30BF18CB20F368960035A4B9 /* FJTabBarButton.m */,
				30BF18CC20F368960035A4B9 /* FJTabbarDefine.h */,
				30BF18CD20F368960035A4B9 /* FJTabBarView.h */,
				30BF18CE20F368960035A4B9 /* FJTabBarView.m */,
				30BF18CF20F368960035A4B9 /* FJTabbarViewController.h */,
				30BF18D020F368960035A4B9 /* FJTabbarViewController.m */,
				30BF18D120F368960035A4B9 /* FJTabbarViewStyle.h */,
				30BF18D220F368960035A4B9 /* FJTabbarViewStyle.m */,
			);
			path = FJTabbarViewController;
			sourceTree = "<group>";
		};
		30BF18D820F3689D0035A4B9 /* Resources */ = {
			isa = PBXGroup;
			children = (
				30BF18D920F3689D0035A4B9 /* public_tabbar_panel_bg@2x.png */,
				30BF18DA20F3689D0035A4B9 /* tab_dianpu_hui@2x.png */,
				30BF18DB20F3689D0035A4B9 /* tab_dianpu_hui@3x.png */,
				30BF18DC20F3689D0035A4B9 /* tab_dianpu_xuanzhong@2x.png */,
				30BF18DD20F3689D0035A4B9 /* tab_dianpu_xuanzhong@3x.png */,
				30BF18DE20F3689D0035A4B9 /* tab_faxian_hui@2x.png */,
				30BF18DF20F3689D0035A4B9 /* tab_faxian_hui@3x.png */,
				30BF18E020F3689D0035A4B9 /* tab_faxian_xuanzhong@2x.png */,
				30BF18E120F3689D0035A4B9 /* tab_faxian_xuanzhong@3x.png */,
				30BF18E220F3689D0035A4B9 /* tab_jingxuan_hui@2x.png */,
				30BF18E320F3689D0035A4B9 /* tab_jingxuan_hui@3x.png */,
				30BF18E420F3689D0035A4B9 /* tab_jingxuan_xuanzhong@2x.png */,
				30BF18E520F3689D0035A4B9 /* tab_jingxuan_xuanzhong@3x.png */,
				30BF18E620F3689D0035A4B9 /* tab_wode_hui@2x.png */,
				30BF18E720F3689D0035A4B9 /* tab_wode_hui@3x.png */,
				30BF18E820F3689D0035A4B9 /* tab_wode_xuanzhong@2x.png */,
				30BF18E920F3689D0035A4B9 /* tab_wode_xuanzhong@3x.png */,
			);
			path = Resources;
			sourceTree = "<group>";
		};
/* End PBXGroup section */

/* Begin PBXNativeTarget section */
		30BF188720F368300035A4B9 /* FJFNavigationBarManagerDemo */ = {
			isa = PBXNativeTarget;
			buildConfigurationList = 30BF18B420F368310035A4B9 /* Build configuration list for PBXNativeTarget "FJFNavigationBarManagerDemo" */;
			buildPhases = (
				30BF188420F368300035A4B9 /* Sources */,
				30BF188520F368300035A4B9 /* Frameworks */,
				30BF188620F368300035A4B9 /* Resources */,
			);
			buildRules = (
			);
			dependencies = (
			);
			name = FJFNavigationBarManagerDemo;
			productName = FJFNavigationBarManagerDemo;
			productReference = 30BF188820F368300035A4B9 /* FJFNavigationBarManagerDemo.app */;
			productType = "com.apple.product-type.application";
		};
		30BF189F20F368310035A4B9 /* FJFNavigationBarManagerDemoTests */ = {
			isa = PBXNativeTarget;
			buildConfigurationList = 30BF18B720F368310035A4B9 /* Build configuration list for PBXNativeTarget "FJFNavigationBarManagerDemoTests" */;
			buildPhases = (
				30BF189C20F368310035A4B9 /* Sources */,
				30BF189D20F368310035A4B9 /* Frameworks */,
				30BF189E20F368310035A4B9 /* Resources */,
			);
			buildRules = (
			);
			dependencies = (
				30BF18A220F368310035A4B9 /* PBXTargetDependency */,
			);
			name = FJFNavigationBarManagerDemoTests;
			productName = FJFNavigationBarManagerDemoTests;
			productReference = 30BF18A020F368310035A4B9 /* FJFNavigationBarManagerDemoTests.xctest */;
			productType = "com.apple.product-type.bundle.unit-test";
		};
		30BF18AA20F368310035A4B9 /* FJFNavigationBarManagerDemoUITests */ = {
			isa = PBXNativeTarget;
			buildConfigurationList = 30BF18BA20F368310035A4B9 /* Build configuration list for PBXNativeTarget "FJFNavigationBarManagerDemoUITests" */;
			buildPhases = (
				30BF18A720F368310035A4B9 /* Sources */,
				30BF18A820F368310035A4B9 /* Frameworks */,
				30BF18A920F368310035A4B9 /* Resources */,
			);
			buildRules = (
			);
			dependencies = (
				30BF18AD20F368310035A4B9 /* PBXTargetDependency */,
			);
			name = FJFNavigationBarManagerDemoUITests;
			productName = FJFNavigationBarManagerDemoUITests;
			productReference = 30BF18AB20F368310035A4B9 /* FJFNavigationBarManagerDemoUITests.xctest */;
			productType = "com.apple.product-type.bundle.ui-testing";
		};
/* End PBXNativeTarget section */

/* Begin PBXProject section */
		30BF188020F368300035A4B9 /* Project object */ = {
			isa = PBXProject;
			attributes = {
				LastUpgradeCheck = 0940;
				ORGANIZATIONNAME = fjf;
				TargetAttributes = {
					30BF188720F368300035A4B9 = {
						CreatedOnToolsVersion = 9.4;
					};
					30BF189F20F368310035A4B9 = {
						CreatedOnToolsVersion = 9.4;
						TestTargetID = 30BF188720F368300035A4B9;
					};
					30BF18AA20F368310035A4B9 = {
						CreatedOnToolsVersion = 9.4;
						TestTargetID = 30BF188720F368300035A4B9;
					};
				};
			};
			buildConfigurationList = 30BF188320F368300035A4B9 /* Build configuration list for PBXProject "FJFNavigationBarManagerDemo" */;
			compatibilityVersion = "Xcode 9.3";
			developmentRegion = en;
			hasScannedForEncodings = 0;
			knownRegions = (
				en,
				Base,
			);
			mainGroup = 30BF187F20F368300035A4B9;
			productRefGroup = 30BF188920F368300035A4B9 /* Products */;
			projectDirPath = "";
			projectRoot = "";
			targets = (
				30BF188720F368300035A4B9 /* FJFNavigationBarManagerDemo */,
				30BF189F20F368310035A4B9 /* FJFNavigationBarManagerDemoTests */,
				30BF18AA20F368310035A4B9 /* FJFNavigationBarManagerDemoUITests */,
			);
		};
/* End PBXProject section */

/* Begin PBXResourcesBuildPhase section */
		30BF188620F368300035A4B9 /* Resources */ = {
			isa = PBXResourcesBuildPhase;
			buildActionMask = 2147483647;
			files = (
				30BF18F420F3689D0035A4B9 /* tab_jingxuan_hui@3x.png in Resources */,
				30BF18F120F3689D0035A4B9 /* tab_faxian_xuanzhong@2x.png in Resources */,
				30BF189820F368310035A4B9 /* LaunchScreen.storyboard in Resources */,
				30BF18F520F3689D0035A4B9 /* tab_jingxuan_xuanzhong@2x.png in Resources */,
				30BF18EE20F3689D0035A4B9 /* tab_dianpu_xuanzhong@3x.png in Resources */,
				30BF18F920F3689D0035A4B9 /* tab_wode_xuanzhong@2x.png in Resources */,
				30BF189520F368310035A4B9 /* Assets.xcassets in Resources */,
				30BF18F620F3689D0035A4B9 /* tab_jingxuan_xuanzhong@3x.png in Resources */,
				30BF18F820F3689D0035A4B9 /* tab_wode_hui@3x.png in Resources */,
				30BF18FA20F3689D0035A4B9 /* tab_wode_xuanzhong@3x.png in Resources */,
				30BF18EB20F3689D0035A4B9 /* tab_dianpu_hui@2x.png in Resources */,
				30BF18EC20F3689D0035A4B9 /* tab_dianpu_hui@3x.png in Resources */,
				30BF18F320F3689D0035A4B9 /* tab_jingxuan_hui@2x.png in Resources */,
				30BF18EF20F3689D0035A4B9 /* tab_faxian_hui@2x.png in Resources */,
				30BF18F720F3689D0035A4B9 /* tab_wode_hui@2x.png in Resources */,
				30BF189320F368300035A4B9 /* Main.storyboard in Resources */,
				30BF18ED20F3689D0035A4B9 /* tab_dianpu_xuanzhong@2x.png in Resources */,
				30BF18EA20F3689D0035A4B9 /* public_tabbar_panel_bg@2x.png in Resources */,
				30BF18F020F3689D0035A4B9 /* tab_faxian_hui@3x.png in Resources */,
				30BF18F220F3689D0035A4B9 /* tab_faxian_xuanzhong@3x.png in Resources */,
			);
			runOnlyForDeploymentPostprocessing = 0;
		};
		30BF189E20F368310035A4B9 /* Resources */ = {
			isa = PBXResourcesBuildPhase;
			buildActionMask = 2147483647;
			files = (
			);
			runOnlyForDeploymentPostprocessing = 0;
		};
		30BF18A920F368310035A4B9 /* Resources */ = {
			isa = PBXResourcesBuildPhase;
			buildActionMask = 2147483647;
			files = (
			);
			runOnlyForDeploymentPostprocessing = 0;
		};
/* End PBXResourcesBuildPhase section */

/* Begin PBXSourcesBuildPhase section */
		30BF188420F368300035A4B9 /* Sources */ = {
			isa = PBXSourcesBuildPhase;
			buildActionMask = 2147483647;
			files = (
				30BF189020F368300035A4B9 /* ViewController.m in Sources */,
				30BF189B20F368310035A4B9 /* main.m in Sources */,
				30BF18D320F368960035A4B9 /* FJTabBarBadge.m in Sources */,
				30BF190420F368CD0035A4B9 /* FJShopViewController.m in Sources */,
				30BF18D420F368960035A4B9 /* FJTabBarButton.m in Sources */,
				30BF18D620F368960035A4B9 /* FJTabbarViewController.m in Sources */,
				30BF18C220F3686F0035A4B9 /* FJFNavigationControllerManager.m in Sources */,
				30BF188D20F368300035A4B9 /* AppDelegate.m in Sources */,
				30BF18C320F3686F0035A4B9 /* UINavigationController+HasCalledTheMethod.m in Sources */,
				30BF190620F368CD0035A4B9 /* FJCourseViewController.m in Sources */,
				30BF18D720F368960035A4B9 /* FJTabbarViewStyle.m in Sources */,
				30BF190520F368CD0035A4B9 /* FJProfileViewController.m in Sources */,
				30BF18D520F368960035A4B9 /* FJTabBarView.m in Sources */,
				30BF18C620F368780035A4B9 /* FJFViewControllerConfigureManager.m in Sources */,
				30BF190320F368CD0035A4B9 /* FJDiscoverViewController.m in Sources */,
			);
			runOnlyForDeploymentPostprocessing = 0;
		};
		30BF189C20F368310035A4B9 /* Sources */ = {
			isa = PBXSourcesBuildPhase;
			buildActionMask = 2147483647;
			files = (
				30BF18A520F368310035A4B9 /* FJFNavigationBarManagerDemoTests.m in Sources */,
			);
			runOnlyForDeploymentPostprocessing = 0;
		};
		30BF18A720F368310035A4B9 /* Sources */ = {
			isa = PBXSourcesBuildPhase;
			buildActionMask = 2147483647;
			files = (
				30BF18B020F368310035A4B9 /* FJFNavigationBarManagerDemoUITests.m in Sources */,
			);
			runOnlyForDeploymentPostprocessing = 0;
		};
/* End PBXSourcesBuildPhase section */

/* Begin PBXTargetDependency section */
		30BF18A220F368310035A4B9 /* PBXTargetDependency */ = {
			isa = PBXTargetDependency;
			target = 30BF188720F368300035A4B9 /* FJFNavigationBarManagerDemo */;
			targetProxy = 30BF18A120F368310035A4B9 /* PBXContainerItemProxy */;
		};
		30BF18AD20F368310035A4B9 /* PBXTargetDependency */ = {
			isa = PBXTargetDependency;
			target = 30BF188720F368300035A4B9 /* FJFNavigationBarManagerDemo */;
			targetProxy = 30BF18AC20F368310035A4B9 /* PBXContainerItemProxy */;
		};
/* End PBXTargetDependency section */

/* Begin PBXVariantGroup section */
		30BF189120F368300035A4B9 /* Main.storyboard */ = {
			isa = PBXVariantGroup;
			children = (
				30BF189220F368300035A4B9 /* Base */,
			);
			name = Main.storyboard;
			sourceTree = "<group>";
		};
		30BF189620F368310035A4B9 /* LaunchScreen.storyboard */ = {
			isa = PBXVariantGroup;
			children = (
				30BF189720F368310035A4B9 /* Base */,
			);
			name = LaunchScreen.storyboard;
			sourceTree = "<group>";
		};
/* End PBXVariantGroup section */

/* Begin XCBuildConfiguration section */
		30BF18B220F368310035A4B9 /* Debug */ = {
			isa = XCBuildConfiguration;
			buildSettings = {
				ALWAYS_SEARCH_USER_PATHS = NO;
				CLANG_ANALYZER_NONNULL = YES;
				CLANG_ANALYZER_NUMBER_OBJECT_CONVERSION = YES_AGGRESSIVE;
				CLANG_CXX_LANGUAGE_STANDARD = "gnu++14";
				CLANG_CXX_LIBRARY = "libc++";
				CLANG_ENABLE_MODULES = YES;
				CLANG_ENABLE_OBJC_ARC = YES;
				CLANG_ENABLE_OBJC_WEAK = YES;
				CLANG_WARN_BLOCK_CAPTURE_AUTORELEASING = YES;
				CLANG_WARN_BOOL_CONVERSION = YES;
				CLANG_WARN_COMMA = YES;
				CLANG_WARN_CONSTANT_CONVERSION = YES;
				CLANG_WARN_DEPRECATED_OBJC_IMPLEMENTATIONS = YES;
				CLANG_WARN_DIRECT_OBJC_ISA_USAGE = YES_ERROR;
				CLANG_WARN_DOCUMENTATION_COMMENTS = YES;
				CLANG_WARN_EMPTY_BODY = YES;
				CLANG_WARN_ENUM_CONVERSION = YES;
				CLANG_WARN_INFINITE_RECURSION = YES;
				CLANG_WARN_INT_CONVERSION = YES;
				CLANG_WARN_NON_LITERAL_NULL_CONVERSION = YES;
				CLANG_WARN_OBJC_IMPLICIT_RETAIN_SELF = YES;
				CLANG_WARN_OBJC_LITERAL_CONVERSION = YES;
				CLANG_WARN_OBJC_ROOT_CLASS = YES_ERROR;
				CLANG_WARN_RANGE_LOOP_ANALYSIS = YES;
				CLANG_WARN_STRICT_PROTOTYPES = YES;
				CLANG_WARN_SUSPICIOUS_MOVE = YES;
				CLANG_WARN_UNGUARDED_AVAILABILITY = YES_AGGRESSIVE;
				CLANG_WARN_UNREACHABLE_CODE = YES;
				CLANG_WARN__DUPLICATE_METHOD_MATCH = YES;
				CODE_SIGN_IDENTITY = "iPhone Developer";
				COPY_PHASE_STRIP = NO;
				DEBUG_INFORMATION_FORMAT = dwarf;
				ENABLE_STRICT_OBJC_MSGSEND = YES;
				ENABLE_TESTABILITY = YES;
				GCC_C_LANGUAGE_STANDARD = gnu11;
				GCC_DYNAMIC_NO_PIC = NO;
				GCC_NO_COMMON_BLOCKS = YES;
				GCC_OPTIMIZATION_LEVEL = 0;
				GCC_PREPROCESSOR_DEFINITIONS = (
					"DEBUG=1",
					"$(inherited)",
				);
				GCC_WARN_64_TO_32_BIT_CONVERSION = YES;
				GCC_WARN_ABOUT_RETURN_TYPE = YES_ERROR;
				GCC_WARN_UNDECLARED_SELECTOR = YES;
				GCC_WARN_UNINITIALIZED_AUTOS = YES_AGGRESSIVE;
				GCC_WARN_UNUSED_FUNCTION = YES;
				GCC_WARN_UNUSED_VARIABLE = YES;
				IPHONEOS_DEPLOYMENT_TARGET = 11.4;
				MTL_ENABLE_DEBUG_INFO = YES;
				ONLY_ACTIVE_ARCH = YES;
				SDKROOT = iphoneos;
			};
			name = Debug;
		};
		30BF18B320F368310035A4B9 /* Release */ = {
			isa = XCBuildConfiguration;
			buildSettings = {
				ALWAYS_SEARCH_USER_PATHS = NO;
				CLANG_ANALYZER_NONNULL = YES;
				CLANG_ANALYZER_NUMBER_OBJECT_CONVERSION = YES_AGGRESSIVE;
				CLANG_CXX_LANGUAGE_STANDARD = "gnu++14";
				CLANG_CXX_LIBRARY = "libc++";
				CLANG_ENABLE_MODULES = YES;
				CLANG_ENABLE_OBJC_ARC = YES;
				CLANG_ENABLE_OBJC_WEAK = YES;
				CLANG_WARN_BLOCK_CAPTURE_AUTORELEASING = YES;
				CLANG_WARN_BOOL_CONVERSION = YES;
				CLANG_WARN_COMMA = YES;
				CLANG_WARN_CONSTANT_CONVERSION = YES;
				CLANG_WARN_DEPRECATED_OBJC_IMPLEMENTATIONS = YES;
				CLANG_WARN_DIRECT_OBJC_ISA_USAGE = YES_ERROR;
				CLANG_WARN_DOCUMENTATION_COMMENTS = YES;
				CLANG_WARN_EMPTY_BODY = YES;
				CLANG_WARN_ENUM_CONVERSION = YES;
				CLANG_WARN_INFINITE_RECURSION = YES;
				CLANG_WARN_INT_CONVERSION = YES;
				CLANG_WARN_NON_LITERAL_NULL_CONVERSION = YES;
				CLANG_WARN_OBJC_IMPLICIT_RETAIN_SELF = YES;
				CLANG_WARN_OBJC_LITERAL_CONVERSION = YES;
				CLANG_WARN_OBJC_ROOT_CLASS = YES_ERROR;
				CLANG_WARN_RANGE_LOOP_ANALYSIS = YES;
				CLANG_WARN_STRICT_PROTOTYPES = YES;
				CLANG_WARN_SUSPICIOUS_MOVE = YES;
				CLANG_WARN_UNGUARDED_AVAILABILITY = YES_AGGRESSIVE;
				CLANG_WARN_UNREACHABLE_CODE = YES;
				CLANG_WARN__DUPLICATE_METHOD_MATCH = YES;
				CODE_SIGN_IDENTITY = "iPhone Developer";
				COPY_PHASE_STRIP = NO;
				DEBUG_INFORMATION_FORMAT = "dwarf-with-dsym";
				ENABLE_NS_ASSERTIONS = NO;
				ENABLE_STRICT_OBJC_MSGSEND = YES;
				GCC_C_LANGUAGE_STANDARD = gnu11;
				GCC_NO_COMMON_BLOCKS = YES;
				GCC_WARN_64_TO_32_BIT_CONVERSION = YES;
				GCC_WARN_ABOUT_RETURN_TYPE = YES_ERROR;
				GCC_WARN_UNDECLARED_SELECTOR = YES;
				GCC_WARN_UNINITIALIZED_AUTOS = YES_AGGRESSIVE;
				GCC_WARN_UNUSED_FUNCTION = YES;
				GCC_WARN_UNUSED_VARIABLE = YES;
				IPHONEOS_DEPLOYMENT_TARGET = 11.4;
				MTL_ENABLE_DEBUG_INFO = NO;
				SDKROOT = iphoneos;
				VALIDATE_PRODUCT = YES;
			};
			name = Release;
		};
		30BF18B520F368310035A4B9 /* Debug */ = {
			isa = XCBuildConfiguration;
			buildSettings = {
				ASSETCATALOG_COMPILER_APPICON_NAME = AppIcon;
				CODE_SIGN_STYLE = Automatic;
				DEVELOPMENT_TEAM = 2PB2XYK7EA;
				INFOPLIST_FILE = FJFNavigationBarManagerDemo/Info.plist;
				LD_RUNPATH_SEARCH_PATHS = (
					"$(inherited)",
					"@executable_path/Frameworks",
				);
				PRODUCT_BUNDLE_IDENTIFIER = FJF.FJFNavigationBarManagerDemo;
				PRODUCT_NAME = "$(TARGET_NAME)";
				TARGETED_DEVICE_FAMILY = "1,2";
			};
			name = Debug;
		};
		30BF18B620F368310035A4B9 /* Release */ = {
			isa = XCBuildConfiguration;
			buildSettings = {
				ASSETCATALOG_COMPILER_APPICON_NAME = AppIcon;
				CODE_SIGN_STYLE = Automatic;
				DEVELOPMENT_TEAM = 2PB2XYK7EA;
				INFOPLIST_FILE = FJFNavigationBarManagerDemo/Info.plist;
				LD_RUNPATH_SEARCH_PATHS = (
					"$(inherited)",
					"@executable_path/Frameworks",
				);
				PRODUCT_BUNDLE_IDENTIFIER = FJF.FJFNavigationBarManagerDemo;
				PRODUCT_NAME = "$(TARGET_NAME)";
				TARGETED_DEVICE_FAMILY = "1,2";
			};
			name = Release;
		};
		30BF18B820F368310035A4B9 /* Debug */ = {
			isa = XCBuildConfiguration;
			buildSettings = {
				BUNDLE_LOADER = "$(TEST_HOST)";
				CODE_SIGN_STYLE = Automatic;
				DEVELOPMENT_TEAM = 2PB2XYK7EA;
				INFOPLIST_FILE = FJFNavigationBarManagerDemoTests/Info.plist;
				LD_RUNPATH_SEARCH_PATHS = (
					"$(inherited)",
					"@executable_path/Frameworks",
					"@loader_path/Frameworks",
				);
				PRODUCT_BUNDLE_IDENTIFIER = FJF.FJFNavigationBarManagerDemoTests;
				PRODUCT_NAME = "$(TARGET_NAME)";
				TARGETED_DEVICE_FAMILY = "1,2";
				TEST_HOST = "$(BUILT_PRODUCTS_DIR)/FJFNavigationBarManagerDemo.app/FJFNavigationBarManagerDemo";
			};
			name = Debug;
		};
		30BF18B920F368310035A4B9 /* Release */ = {
			isa = XCBuildConfiguration;
			buildSettings = {
				BUNDLE_LOADER = "$(TEST_HOST)";
				CODE_SIGN_STYLE = Automatic;
				DEVELOPMENT_TEAM = 2PB2XYK7EA;
				INFOPLIST_FILE = FJFNavigationBarManagerDemoTests/Info.plist;
				LD_RUNPATH_SEARCH_PATHS = (
					"$(inherited)",
					"@executable_path/Frameworks",
					"@loader_path/Frameworks",
				);
				PRODUCT_BUNDLE_IDENTIFIER = FJF.FJFNavigationBarManagerDemoTests;
				PRODUCT_NAME = "$(TARGET_NAME)";
				TARGETED_DEVICE_FAMILY = "1,2";
				TEST_HOST = "$(BUILT_PRODUCTS_DIR)/FJFNavigationBarManagerDemo.app/FJFNavigationBarManagerDemo";
			};
			name = Release;
		};
		30BF18BB20F368310035A4B9 /* Debug */ = {
			isa = XCBuildConfiguration;
			buildSettings = {
				CODE_SIGN_STYLE = Automatic;
				DEVELOPMENT_TEAM = 2PB2XYK7EA;
				INFOPLIST_FILE = FJFNavigationBarManagerDemoUITests/Info.plist;
				LD_RUNPATH_SEARCH_PATHS = (
					"$(inherited)",
					"@executable_path/Frameworks",
					"@loader_path/Frameworks",
				);
				PRODUCT_BUNDLE_IDENTIFIER = FJF.FJFNavigationBarManagerDemoUITests;
				PRODUCT_NAME = "$(TARGET_NAME)";
				TARGETED_DEVICE_FAMILY = "1,2";
				TEST_TARGET_NAME = FJFNavigationBarManagerDemo;
			};
			name = Debug;
		};
		30BF18BC20F368310035A4B9 /* Release */ = {
			isa = XCBuildConfiguration;
			buildSettings = {
				CODE_SIGN_STYLE = Automatic;
				DEVELOPMENT_TEAM = 2PB2XYK7EA;
				INFOPLIST_FILE = FJFNavigationBarManagerDemoUITests/Info.plist;
				LD_RUNPATH_SEARCH_PATHS = (
					"$(inherited)",
					"@executable_path/Frameworks",
					"@loader_path/Frameworks",
				);
				PRODUCT_BUNDLE_IDENTIFIER = FJF.FJFNavigationBarManagerDemoUITests;
				PRODUCT_NAME = "$(TARGET_NAME)";
				TARGETED_DEVICE_FAMILY = "1,2";
				TEST_TARGET_NAME = FJFNavigationBarManagerDemo;
			};
			name = Release;
		};
/* End XCBuildConfiguration section */

/* Begin XCConfigurationList section */
		30BF188320F368300035A4B9 /* Build configuration list for PBXProject "FJFNavigationBarManagerDemo" */ = {
			isa = XCConfigurationList;
			buildConfigurations = (
				30BF18B220F368310035A4B9 /* Debug */,
				30BF18B320F368310035A4B9 /* Release */,
			);
			defaultConfigurationIsVisible = 0;
			defaultConfigurationName = Release;
		};
		30BF18B420F368310035A4B9 /* Build configuration list for PBXNativeTarget "FJFNavigationBarManagerDemo" */ = {
			isa = XCConfigurationList;
			buildConfigurations = (
				30BF18B520F368310035A4B9 /* Debug */,
				30BF18B620F368310035A4B9 /* Release */,
			);
			defaultConfigurationIsVisible = 0;
			defaultConfigurationName = Release;
		};
		30BF18B720F368310035A4B9 /* Build configuration list for PBXNativeTarget "FJFNavigationBarManagerDemoTests" */ = {
			isa = XCConfigurationList;
			buildConfigurations = (
				30BF18B820F368310035A4B9 /* Debug */,
				30BF18B920F368310035A4B9 /* Release */,
			);
			defaultConfigurationIsVisible = 0;
			defaultConfigurationName = Release;
		};
		30BF18BA20F368310035A4B9 /* Build configuration list for PBXNativeTarget "FJFNavigationBarManagerDemoUITests" */ = {
			isa = XCConfigurationList;
			buildConfigurations = (
				30BF18BB20F368310035A4B9 /* Debug */,
				30BF18BC20F368310035A4B9 /* Release */,
			);
			defaultConfigurationIsVisible = 0;
			defaultConfigurationName = Release;
		};
/* End XCConfigurationList section */
	};
	rootObject = 30BF188020F368300035A4B9 /* Project object */;
}
